
Microsoft Visual Studio Solution File, Format Version 12.00
# Visual Studio Version 16
VisualStudioVersion = 16.0.31410.357
MinimumVisualStudioVersion = 10.0.40219.1
Project("{FAE04EC0-301F-11D3-BF4B-00C04F79EFBC}") = "DroneDeliveryService", "DroneDeliveryService\DroneDeliveryService.csproj", "{13F83361-C6E4-47A9-AEFC-848D28C921E6}"
EndProject
Global
	GlobalSection(SolutionConfigurationPlatforms) = preSolution
		Debug|Any CPU = Debug|Any CPU
		Release|Any CPU = Release|Any CPU
	EndGlobalSection
	GlobalSection(ProjectConfigurationPlatforms) = postSolution
		{13F83361-C6E4-47A9-AEFC-848D28C921E6}.Debug|Any CPU.ActiveCfg = Debug|Any CPU
		{13F83361-C6E4-47A9-AEFC-848D28C921E6}.Debug|Any CPU.Build.0 = Debug|Any CPU
		{13F83361-C6E4-47A9-AEFC-848D28C921E6}.Release|Any CPU.ActiveCfg = Release|Any CPU
		{13F83361-C6E4-47A9-AEFC-848D28C921E6}.Release|Any CPU.Build.0 = Release|Any CPU
	EndGlobalSection
	GlobalSection(SolutionProperties) = preSolution
		HideSolutionNode = FALSE
	EndGlobalSection
	GlobalSection(ExtensibilityGlobals) = postSolution
		SolutionGuid = {5FB11D3C-CFE8-4D85-9E6B-C94835763BAA}
	EndGlobalSection
EndGlobal
